
Microsoft Visual Studio Solution File, Format Version 12.00
# Visual Studio Version 17
VisualStudioVersion = 17.5.33627.172
MinimumVisualStudioVersion = 10.0.40219.1
Project("{2150E333-8FDC-42A3-9474-1A3956D46DE8}") = "src", "src", "{8705F632-5A12-42D2-849D-229F5C89ACE0}"
EndProject
Project("{2150E333-8FDC-42A3-9474-1A3956D46DE8}") = "test", "test", "{CE11D147-7FC7-4F56-8307-6DD3AB6A2CED}"
EndProject
Project("{2150E333-8FDC-42A3-9474-1A3956D46DE8}") = "Core", "Core", "{A2D394AE-F66F-4A10-8564-4F0DF97FF3C9}"
EndProject
Project("{2150E333-8FDC-42A3-9474-1A3956D46DE8}") = "Infra", "Infra", "{249B57E5-25DD-4C30-897C-B79C751C5226}"
EndProject
Project("{2150E333-8FDC-42A3-9474-1A3956D46DE8}") = "EndPoint", "EndPoint", "{D27A445B-2ED0-4ABC-900D-A660F129DF40}"
EndProject
Project("{2150E333-8FDC-42A3-9474-1A3956D46DE8}") = "Application", "Application", "{17533378-3839-4AA1-AEC9-FEC86FC9BAD3}"
EndProject
Project("{9A19103F-16F7-4668-BE54-9A1E7A4F7556}") = "KShop.Endpoint.Api", "src\Endpoint\KShop.Endpoint.Api\KShop.Endpoint.Api.csproj", "{C515466E-0EA0-460F-9C21-6B5A143B8FC6}"
EndProject
Project("{9A19103F-16F7-4668-BE54-9A1E7A4F7556}") = "KShop.Core.Domain", "src\Core\KShop.Core.Domain\KShop.Core.Domain.csproj", "{03EC2684-DEBE-4104-9855-9BCF04FA5875}"
EndProject
Project("{9A19103F-16F7-4668-BE54-9A1E7A4F7556}") = "KShop.Application.DomainApplication", "KShop.Application.DomainApplication\KShop.Application.DomainApplication.csproj", "{9861A708-FD8B-44AB-8C39-C5FFB5012B45}"
EndProject
Project("{2150E333-8FDC-42A3-9474-1A3956D46DE8}") = "FrameWork", "FrameWork", "{D51438C8-4DE5-4B28-A62F-7A70BEA50948}"
EndProject
Project("{9A19103F-16F7-4668-BE54-9A1E7A4F7556}") = "KShop.FrameWork.SharedFrameWork", "src\FrameWork\KShop.FrameWork.SharedFrameWork\KShop.FrameWork.SharedFrameWork.csproj", "{9C8DCCA7-AAEA-4ACF-9E92-A878D13193A9}"
EndProject
Project("{FAE04EC0-301F-11D3-BF4B-00C04F79EFBC}") = "KShop.EndPoint.Subscriber", "src\Endpoint\KShop.EndPoint.Subscriber\KShop.EndPoint.Subscriber.csproj", "{CBCB4975-FD4C-4182-88F1-1705577B41D0}"
EndProject
Project("{2150E333-8FDC-42A3-9474-1A3956D46DE8}") = "Persistence", "Persistence", "{62187891-1DAF-4825-9B87-35044EE36F47}"
EndProject
Project("{2150E333-8FDC-42A3-9474-1A3956D46DE8}") = "Query", "Query", "{F40F567B-C47F-4C32-9323-9B84639EF7FE}"
EndProject
Project("{FAE04EC0-301F-11D3-BF4B-00C04F79EFBC}") = "Kshop.Infra.Persistence.EntityFrameWork", "src\Infra\Persistence\Kshop.Infra.Persistence.EntityFrameWork\Kshop.Infra.Persistence.EntityFrameWork.csproj", "{23651ACF-D53A-4D08-AEF9-818C6856733D}"
EndProject
Project("{FAE04EC0-301F-11D3-BF4B-00C04F79EFBC}") = "KShop.Infra.Query.EntityFrameWork", "src\Infra\Query\KShop.Infra.Query.EntityFrameWork\KShop.Infra.Query.EntityFrameWork.csproj", "{777B3A0F-3A07-4766-B1C6-E6107EFE599D}"
EndProject
Project("{FAE04EC0-301F-11D3-BF4B-00C04F79EFBC}") = "KShopDomainTest", "test\KShopDomainTest\KShopDomainTest.csproj", "{7717C3D5-64A1-41CD-962C-230E21D932ED}"
EndProject
Project("{FAE04EC0-301F-11D3-BF4B-00C04F79EFBC}") = "KShopTestUtil", "test\KShopTestUtil\KShopTestUtil.csproj", "{B9B0782D-4645-48E5-83BA-E00AB32CBC62}"
EndProject
Global
	GlobalSection(SolutionConfigurationPlatforms) = preSolution
		Debug|Any CPU = Debug|Any CPU
		Release|Any CPU = Release|Any CPU
	EndGlobalSection
	GlobalSection(ProjectConfigurationPlatforms) = postSolution
		{C515466E-0EA0-460F-9C21-6B5A143B8FC6}.Debug|Any CPU.ActiveCfg = Debug|Any CPU
		{C515466E-0EA0-460F-9C21-6B5A143B8FC6}.Debug|Any CPU.Build.0 = Debug|Any CPU
		{C515466E-0EA0-460F-9C21-6B5A143B8FC6}.Release|Any CPU.ActiveCfg = Release|Any CPU
		{C515466E-0EA0-460F-9C21-6B5A143B8FC6}.Release|Any CPU.Build.0 = Release|Any CPU
		{03EC2684-DEBE-4104-9855-9BCF04FA5875}.Debug|Any CPU.ActiveCfg = Debug|Any CPU
		{03EC2684-DEBE-4104-9855-9BCF04FA5875}.Debug|Any CPU.Build.0 = Debug|Any CPU
		{03EC2684-DEBE-4104-9855-9BCF04FA5875}.Release|Any CPU.ActiveCfg = Release|Any CPU
		{03EC2684-DEBE-4104-9855-9BCF04FA5875}.Release|Any CPU.Build.0 = Release|Any CPU
		{9861A708-FD8B-44AB-8C39-C5FFB5012B45}.Debug|Any CPU.ActiveCfg = Debug|Any CPU
		{9861A708-FD8B-44AB-8C39-C5FFB5012B45}.Debug|Any CPU.Build.0 = Debug|Any CPU
		{9861A708-FD8B-44AB-8C39-C5FFB5012B45}.Release|Any CPU.ActiveCfg = Release|Any CPU
		{9861A708-FD8B-44AB-8C39-C5FFB5012B45}.Release|Any CPU.Build.0 = Release|Any CPU
		{9C8DCCA7-AAEA-4ACF-9E92-A878D13193A9}.Debug|Any CPU.ActiveCfg = Debug|Any CPU
		{9C8DCCA7-AAEA-4ACF-9E92-A878D13193A9}.Debug|Any CPU.Build.0 = Debug|Any CPU
		{9C8DCCA7-AAEA-4ACF-9E92-A878D13193A9}.Release|Any CPU.ActiveCfg = Release|Any CPU
		{9C8DCCA7-AAEA-4ACF-9E92-A878D13193A9}.Release|Any CPU.Build.0 = Release|Any CPU
		{CBCB4975-FD4C-4182-88F1-1705577B41D0}.Debug|Any CPU.ActiveCfg = Debug|Any CPU
		{CBCB4975-FD4C-4182-88F1-1705577B41D0}.Debug|Any CPU.Build.0 = Debug|Any CPU
		{CBCB4975-FD4C-4182-88F1-1705577B41D0}.Release|Any CPU.ActiveCfg = Release|Any CPU
		{CBCB4975-FD4C-4182-88F1-1705577B41D0}.Release|Any CPU.Build.0 = Release|Any CPU
		{23651ACF-D53A-4D08-AEF9-818C6856733D}.Debug|Any CPU.ActiveCfg = Debug|Any CPU
		{23651ACF-D53A-4D08-AEF9-818C6856733D}.Debug|Any CPU.Build.0 = Debug|Any CPU
		{23651ACF-D53A-4D08-AEF9-818C6856733D}.Release|Any CPU.ActiveCfg = Release|Any CPU
		{23651ACF-D53A-4D08-AEF9-818C6856733D}.Release|Any CPU.Build.0 = Release|Any CPU
		{777B3A0F-3A07-4766-B1C6-E6107EFE599D}.Debug|Any CPU.ActiveCfg = Debug|Any CPU
		{777B3A0F-3A07-4766-B1C6-E6107EFE599D}.Debug|Any CPU.Build.0 = Debug|Any CPU
		{777B3A0F-3A07-4766-B1C6-E6107EFE599D}.Release|Any CPU.ActiveCfg = Release|Any CPU
		{777B3A0F-3A07-4766-B1C6-E6107EFE599D}.Release|Any CPU.Build.0 = Release|Any CPU
		{7717C3D5-64A1-41CD-962C-230E21D932ED}.Debug|Any CPU.ActiveCfg = Debug|Any CPU
		{7717C3D5-64A1-41CD-962C-230E21D932ED}.Debug|Any CPU.Build.0 = Debug|Any CPU
		{7717C3D5-64A1-41CD-962C-230E21D932ED}.Release|Any CPU.ActiveCfg = Release|Any CPU
		{7717C3D5-64A1-41CD-962C-230E21D932ED}.Release|Any CPU.Build.0 = Release|Any CPU
		{B9B0782D-4645-48E5-83BA-E00AB32CBC62}.Debug|Any CPU.ActiveCfg = Debug|Any CPU
		{B9B0782D-4645-48E5-83BA-E00AB32CBC62}.Debug|Any CPU.Build.0 = Debug|Any CPU
		{B9B0782D-4645-48E5-83BA-E00AB32CBC62}.Release|Any CPU.ActiveCfg = Release|Any CPU
		{B9B0782D-4645-48E5-83BA-E00AB32CBC62}.Release|Any CPU.Build.0 = Release|Any CPU
	EndGlobalSection
	GlobalSection(SolutionProperties) = preSolution
		HideSolutionNode = FALSE
	EndGlobalSection
	GlobalSection(NestedProjects) = preSolution
		{A2D394AE-F66F-4A10-8564-4F0DF97FF3C9} = {8705F632-5A12-42D2-849D-229F5C89ACE0}
		{249B57E5-25DD-4C30-897C-B79C751C5226} = {8705F632-5A12-42D2-849D-229F5C89ACE0}
		{D27A445B-2ED0-4ABC-900D-A660F129DF40} = {8705F632-5A12-42D2-849D-229F5C89ACE0}
		{17533378-3839-4AA1-AEC9-FEC86FC9BAD3} = {8705F632-5A12-42D2-849D-229F5C89ACE0}
		{C515466E-0EA0-460F-9C21-6B5A143B8FC6} = {D27A445B-2ED0-4ABC-900D-A660F129DF40}
		{03EC2684-DEBE-4104-9855-9BCF04FA5875} = {A2D394AE-F66F-4A10-8564-4F0DF97FF3C9}
		{9861A708-FD8B-44AB-8C39-C5FFB5012B45} = {17533378-3839-4AA1-AEC9-FEC86FC9BAD3}
		{D51438C8-4DE5-4B28-A62F-7A70BEA50948} = {8705F632-5A12-42D2-849D-229F5C89ACE0}
		{9C8DCCA7-AAEA-4ACF-9E92-A878D13193A9} = {D51438C8-4DE5-4B28-A62F-7A70BEA50948}
		{CBCB4975-FD4C-4182-88F1-1705577B41D0} = {D27A445B-2ED0-4ABC-900D-A660F129DF40}
		{62187891-1DAF-4825-9B87-35044EE36F47} = {249B57E5-25DD-4C30-897C-B79C751C5226}
		{F40F567B-C47F-4C32-9323-9B84639EF7FE} = {249B57E5-25DD-4C30-897C-B79C751C5226}
		{23651ACF-D53A-4D08-AEF9-818C6856733D} = {62187891-1DAF-4825-9B87-35044EE36F47}
		{777B3A0F-3A07-4766-B1C6-E6107EFE599D} = {F40F567B-C47F-4C32-9323-9B84639EF7FE}
		{7717C3D5-64A1-41CD-962C-230E21D932ED} = {CE11D147-7FC7-4F56-8307-6DD3AB6A2CED}
		{B9B0782D-4645-48E5-83BA-E00AB32CBC62} = {CE11D147-7FC7-4F56-8307-6DD3AB6A2CED}
	EndGlobalSection
	GlobalSection(ExtensibilityGlobals) = postSolution
		SolutionGuid = {9854AF9D-C3DA-412A-98D0-6D64D89C6A97}
	EndGlobalSection
EndGlobal
